
Microsoft Visual Studio Solution File, Format Version 12.00
# Visual Studio 14
VisualStudioVersion = 14.0.25420.1
MinimumVisualStudioVersion = 10.0.40219.1
Project("{FAE04EC0-301F-11D3-BF4B-00C04F79EFBC}") = "ExerciceEvenements", "ExerciceEvenements\ExerciceEvenements.csproj", "{F6132134-4447-4F82-A000-6AF579CCE771}"
EndProject
Project("{FAE04EC0-301F-11D3-BF4B-00C04F79EFBC}") = "ExercicesDevinerNombre", "ExercicesDevinerNombre\ExercicesDevinerNombre.csproj", "{7D16566E-B2F3-4911-89D1-434F3CE751EF}"
EndProject
Project("{FAE04EC0-301F-11D3-BF4B-00C04F79EFBC}") = "ExerciceDé", "ExerciceDé\ExerciceDé.csproj", "{E1805221-1601-48C0-809D-A735661B04EE}"
EndProject
Global
	GlobalSection(SolutionConfigurationPlatforms) = preSolution
		Debug|Any CPU = Debug|Any CPU
		Release|Any CPU = Release|Any CPU
	EndGlobalSection
	GlobalSection(ProjectConfigurationPlatforms) = postSolution
		{F6132134-4447-4F82-A000-6AF579CCE771}.Debug|Any CPU.ActiveCfg = Debug|Any CPU
		{F6132134-4447-4F82-A000-6AF579CCE771}.Debug|Any CPU.Build.0 = Debug|Any CPU
		{F6132134-4447-4F82-A000-6AF579CCE771}.Release|Any CPU.ActiveCfg = Release|Any CPU
		{F6132134-4447-4F82-A000-6AF579CCE771}.Release|Any CPU.Build.0 = Release|Any CPU
		{7D16566E-B2F3-4911-89D1-434F3CE751EF}.Debug|Any CPU.ActiveCfg = Debug|Any CPU
		{7D16566E-B2F3-4911-89D1-434F3CE751EF}.Debug|Any CPU.Build.0 = Debug|Any CPU
		{7D16566E-B2F3-4911-89D1-434F3CE751EF}.Release|Any CPU.ActiveCfg = Release|Any CPU
		{7D16566E-B2F3-4911-89D1-434F3CE751EF}.Release|Any CPU.Build.0 = Release|Any CPU
		{E1805221-1601-48C0-809D-A735661B04EE}.Debug|Any CPU.ActiveCfg = Debug|Any CPU
		{E1805221-1601-48C0-809D-A735661B04EE}.Debug|Any CPU.Build.0 = Debug|Any CPU
		{E1805221-1601-48C0-809D-A735661B04EE}.Release|Any CPU.ActiveCfg = Release|Any CPU
		{E1805221-1601-48C0-809D-A735661B04EE}.Release|Any CPU.Build.0 = Release|Any CPU
	EndGlobalSection
	GlobalSection(SolutionProperties) = preSolution
		HideSolutionNode = FALSE
	EndGlobalSection
EndGlobal
