
Microsoft Visual Studio Solution File, Format Version 12.00
# Visual Studio 14
VisualStudioVersion = 14.0.25420.1
MinimumVisualStudioVersion = 10.0.40219.1
Project("{FAE04EC0-301F-11D3-BF4B-00C04F79EFBC}") = "ExerciceRévision", "ExerciceRévision\ExerciceRévision.csproj", "{A4150D06-58F5-4DE6-8C09-B0B2D6221788}"
EndProject
Project("{FAE04EC0-301F-11D3-BF4B-00C04F79EFBC}") = "ExerciceRévision2", "ExerciceRévision2\ExerciceRévision2.csproj", "{A2231BE5-7D0A-4FB0-848D-2879BA1B5569}"
EndProject
Project("{FAE04EC0-301F-11D3-BF4B-00C04F79EFBC}") = "ExerciceRévision19", "ExerciceRévision19\ExerciceRévision19.csproj", "{D5C9E701-A0E3-4061-B18D-76A763E8A7F0}"
EndProject
Project("{FAE04EC0-301F-11D3-BF4B-00C04F79EFBC}") = "Exercice15", "Exercice15\Exercice15.csproj", "{45B9414D-372A-40B8-92EC-FCF0D161E374}"
EndProject
Project("{FAE04EC0-301F-11D3-BF4B-00C04F79EFBC}") = "Exercice14", "Exercice14\Exercice14.csproj", "{72CF52CC-CDCB-4A80-9C9B-3D3340EFCA31}"
EndProject
Project("{FAE04EC0-301F-11D3-BF4B-00C04F79EFBC}") = "Exercice3", "Exercice3\Exercice3.csproj", "{A8E8258F-F8D8-4A79-AC87-12398377D0AE}"
EndProject
Project("{FAE04EC0-301F-11D3-BF4B-00C04F79EFBC}") = "Exercice6", "Exercice6\Exercice6.csproj", "{5C066872-DC32-4065-A50A-3BE9143F21CA}"
EndProject
Project("{FAE04EC0-301F-11D3-BF4B-00C04F79EFBC}") = "Exercice4", "Exercice4\Exercice4.csproj", "{5B9B2328-595C-4EFA-AEC6-5F8E3210E160}"
EndProject
Project("{FAE04EC0-301F-11D3-BF4B-00C04F79EFBC}") = "Exercice5", "Exercice5\Exercice5.csproj", "{37EC2450-BE1E-422A-AF32-927BCC453F57}"
EndProject
Project("{FAE04EC0-301F-11D3-BF4B-00C04F79EFBC}") = "Exercice7", "Exercice7\Exercice7.csproj", "{9D686642-4A30-43B1-97A9-7BDBD8EFCF06}"
EndProject
Project("{FAE04EC0-301F-11D3-BF4B-00C04F79EFBC}") = "Exercice8", "Exercice8\Exercice8.csproj", "{AF51E079-EC60-4868-A166-9571B0609B86}"
EndProject
Project("{FAE04EC0-301F-11D3-BF4B-00C04F79EFBC}") = "Exercice9", "Exercice9\Exercice9.csproj", "{C23D04ED-E7C4-4D5F-BAF9-79E2B92B7BCF}"
EndProject
Project("{FAE04EC0-301F-11D3-BF4B-00C04F79EFBC}") = "Exercice10", "Exercice10\Exercice10.csproj", "{AA42F255-F1E4-4F2E-8E4D-75F25B0542C7}"
EndProject
Project("{FAE04EC0-301F-11D3-BF4B-00C04F79EFBC}") = "Exercice11", "Exercice11\Exercice11.csproj", "{DDCA4D95-A964-4AD0-B02E-C40B2A38A51F}"
EndProject
Project("{FAE04EC0-301F-11D3-BF4B-00C04F79EFBC}") = "Exercice12", "Exercice12\Exercice12.csproj", "{7EAB90FE-D2A3-4920-84E7-038327786410}"
EndProject
Project("{FAE04EC0-301F-11D3-BF4B-00C04F79EFBC}") = "Exercice13", "Exercice13\Exercice13.csproj", "{B775670D-62D7-4284-81BD-E7C5214D5312}"
EndProject
Global
	GlobalSection(SolutionConfigurationPlatforms) = preSolution
		Debug|Any CPU = Debug|Any CPU
		Release|Any CPU = Release|Any CPU
	EndGlobalSection
	GlobalSection(ProjectConfigurationPlatforms) = postSolution
		{A4150D06-58F5-4DE6-8C09-B0B2D6221788}.Debug|Any CPU.ActiveCfg = Debug|Any CPU
		{A4150D06-58F5-4DE6-8C09-B0B2D6221788}.Debug|Any CPU.Build.0 = Debug|Any CPU
		{A4150D06-58F5-4DE6-8C09-B0B2D6221788}.Release|Any CPU.ActiveCfg = Release|Any CPU
		{A4150D06-58F5-4DE6-8C09-B0B2D6221788}.Release|Any CPU.Build.0 = Release|Any CPU
		{A2231BE5-7D0A-4FB0-848D-2879BA1B5569}.Debug|Any CPU.ActiveCfg = Debug|Any CPU
		{A2231BE5-7D0A-4FB0-848D-2879BA1B5569}.Debug|Any CPU.Build.0 = Debug|Any CPU
		{A2231BE5-7D0A-4FB0-848D-2879BA1B5569}.Release|Any CPU.ActiveCfg = Release|Any CPU
		{A2231BE5-7D0A-4FB0-848D-2879BA1B5569}.Release|Any CPU.Build.0 = Release|Any CPU
		{D5C9E701-A0E3-4061-B18D-76A763E8A7F0}.Debug|Any CPU.ActiveCfg = Debug|Any CPU
		{D5C9E701-A0E3-4061-B18D-76A763E8A7F0}.Debug|Any CPU.Build.0 = Debug|Any CPU
		{D5C9E701-A0E3-4061-B18D-76A763E8A7F0}.Release|Any CPU.ActiveCfg = Release|Any CPU
		{D5C9E701-A0E3-4061-B18D-76A763E8A7F0}.Release|Any CPU.Build.0 = Release|Any CPU
		{45B9414D-372A-40B8-92EC-FCF0D161E374}.Debug|Any CPU.ActiveCfg = Debug|Any CPU
		{45B9414D-372A-40B8-92EC-FCF0D161E374}.Debug|Any CPU.Build.0 = Debug|Any CPU
		{45B9414D-372A-40B8-92EC-FCF0D161E374}.Release|Any CPU.ActiveCfg = Release|Any CPU
		{45B9414D-372A-40B8-92EC-FCF0D161E374}.Release|Any CPU.Build.0 = Release|Any CPU
		{72CF52CC-CDCB-4A80-9C9B-3D3340EFCA31}.Debug|Any CPU.ActiveCfg = Debug|Any CPU
		{72CF52CC-CDCB-4A80-9C9B-3D3340EFCA31}.Debug|Any CPU.Build.0 = Debug|Any CPU
		{72CF52CC-CDCB-4A80-9C9B-3D3340EFCA31}.Release|Any CPU.ActiveCfg = Release|Any CPU
		{72CF52CC-CDCB-4A80-9C9B-3D3340EFCA31}.Release|Any CPU.Build.0 = Release|Any CPU
		{A8E8258F-F8D8-4A79-AC87-12398377D0AE}.Debug|Any CPU.ActiveCfg = Debug|Any CPU
		{A8E8258F-F8D8-4A79-AC87-12398377D0AE}.Debug|Any CPU.Build.0 = Debug|Any CPU
		{A8E8258F-F8D8-4A79-AC87-12398377D0AE}.Release|Any CPU.ActiveCfg = Release|Any CPU
		{A8E8258F-F8D8-4A79-AC87-12398377D0AE}.Release|Any CPU.Build.0 = Release|Any CPU
		{5C066872-DC32-4065-A50A-3BE9143F21CA}.Debug|Any CPU.ActiveCfg = Debug|Any CPU
		{5C066872-DC32-4065-A50A-3BE9143F21CA}.Debug|Any CPU.Build.0 = Debug|Any CPU
		{5C066872-DC32-4065-A50A-3BE9143F21CA}.Release|Any CPU.ActiveCfg = Release|Any CPU
		{5C066872-DC32-4065-A50A-3BE9143F21CA}.Release|Any CPU.Build.0 = Release|Any CPU
		{5B9B2328-595C-4EFA-AEC6-5F8E3210E160}.Debug|Any CPU.ActiveCfg = Debug|Any CPU
		{5B9B2328-595C-4EFA-AEC6-5F8E3210E160}.Debug|Any CPU.Build.0 = Debug|Any CPU
		{5B9B2328-595C-4EFA-AEC6-5F8E3210E160}.Release|Any CPU.ActiveCfg = Release|Any CPU
		{5B9B2328-595C-4EFA-AEC6-5F8E3210E160}.Release|Any CPU.Build.0 = Release|Any CPU
		{37EC2450-BE1E-422A-AF32-927BCC453F57}.Debug|Any CPU.ActiveCfg = Debug|Any CPU
		{37EC2450-BE1E-422A-AF32-927BCC453F57}.Debug|Any CPU.Build.0 = Debug|Any CPU
		{37EC2450-BE1E-422A-AF32-927BCC453F57}.Release|Any CPU.ActiveCfg = Release|Any CPU
		{37EC2450-BE1E-422A-AF32-927BCC453F57}.Release|Any CPU.Build.0 = Release|Any CPU
		{9D686642-4A30-43B1-97A9-7BDBD8EFCF06}.Debug|Any CPU.ActiveCfg = Debug|Any CPU
		{9D686642-4A30-43B1-97A9-7BDBD8EFCF06}.Debug|Any CPU.Build.0 = Debug|Any CPU
		{9D686642-4A30-43B1-97A9-7BDBD8EFCF06}.Release|Any CPU.ActiveCfg = Release|Any CPU
		{9D686642-4A30-43B1-97A9-7BDBD8EFCF06}.Release|Any CPU.Build.0 = Release|Any CPU
		{AF51E079-EC60-4868-A166-9571B0609B86}.Debug|Any CPU.ActiveCfg = Debug|Any CPU
		{AF51E079-EC60-4868-A166-9571B0609B86}.Debug|Any CPU.Build.0 = Debug|Any CPU
		{AF51E079-EC60-4868-A166-9571B0609B86}.Release|Any CPU.ActiveCfg = Release|Any CPU
		{AF51E079-EC60-4868-A166-9571B0609B86}.Release|Any CPU.Build.0 = Release|Any CPU
		{C23D04ED-E7C4-4D5F-BAF9-79E2B92B7BCF}.Debug|Any CPU.ActiveCfg = Debug|Any CPU
		{C23D04ED-E7C4-4D5F-BAF9-79E2B92B7BCF}.Debug|Any CPU.Build.0 = Debug|Any CPU
		{C23D04ED-E7C4-4D5F-BAF9-79E2B92B7BCF}.Release|Any CPU.ActiveCfg = Release|Any CPU
		{C23D04ED-E7C4-4D5F-BAF9-79E2B92B7BCF}.Release|Any CPU.Build.0 = Release|Any CPU
		{AA42F255-F1E4-4F2E-8E4D-75F25B0542C7}.Debug|Any CPU.ActiveCfg = Debug|Any CPU
		{AA42F255-F1E4-4F2E-8E4D-75F25B0542C7}.Debug|Any CPU.Build.0 = Debug|Any CPU
		{AA42F255-F1E4-4F2E-8E4D-75F25B0542C7}.Release|Any CPU.ActiveCfg = Release|Any CPU
		{AA42F255-F1E4-4F2E-8E4D-75F25B0542C7}.Release|Any CPU.Build.0 = Release|Any CPU
		{DDCA4D95-A964-4AD0-B02E-C40B2A38A51F}.Debug|Any CPU.ActiveCfg = Debug|Any CPU
		{DDCA4D95-A964-4AD0-B02E-C40B2A38A51F}.Debug|Any CPU.Build.0 = Debug|Any CPU
		{DDCA4D95-A964-4AD0-B02E-C40B2A38A51F}.Release|Any CPU.ActiveCfg = Release|Any CPU
		{DDCA4D95-A964-4AD0-B02E-C40B2A38A51F}.Release|Any CPU.Build.0 = Release|Any CPU
		{7EAB90FE-D2A3-4920-84E7-038327786410}.Debug|Any CPU.ActiveCfg = Debug|Any CPU
		{7EAB90FE-D2A3-4920-84E7-038327786410}.Debug|Any CPU.Build.0 = Debug|Any CPU
		{7EAB90FE-D2A3-4920-84E7-038327786410}.Release|Any CPU.ActiveCfg = Release|Any CPU
		{7EAB90FE-D2A3-4920-84E7-038327786410}.Release|Any CPU.Build.0 = Release|Any CPU
		{B775670D-62D7-4284-81BD-E7C5214D5312}.Debug|Any CPU.ActiveCfg = Debug|Any CPU
		{B775670D-62D7-4284-81BD-E7C5214D5312}.Debug|Any CPU.Build.0 = Debug|Any CPU
		{B775670D-62D7-4284-81BD-E7C5214D5312}.Release|Any CPU.ActiveCfg = Release|Any CPU
		{B775670D-62D7-4284-81BD-E7C5214D5312}.Release|Any CPU.Build.0 = Release|Any CPU
	EndGlobalSection
	GlobalSection(SolutionProperties) = preSolution
		HideSolutionNode = FALSE
	EndGlobalSection
EndGlobal
